// !$*UTF8*$!
{
	archiveVersion = 1;
	classes = {
	};
	objectVersion = 46;
	objects = {

/* Begin PBXBuildFile section */
		237043F62004BFA500A1D242 /* Exercice 1.m in Sources */ = {isa = PBXBuildFile; fileRef = 237043F52004BFA500A1D242 /* Exercice 1.m */; };
		237043FA2004C2E400A1D242 /* Exercice 2.m in Sources */ = {isa = PBXBuildFile; fileRef = 237043F92004C2E400A1D242 /* Exercice 2.m */; };
		237043FE2004C65700A1D242 /* Exercice 3.m in Sources */ = {isa = PBXBuildFile; fileRef = 237043FD2004C65700A1D242 /* Exercice 3.m */; };
		237044022004C67600A1D242 /* Exercice 4.m in Sources */ = {isa = PBXBuildFile; fileRef = 237044012004C67600A1D242 /* Exercice 4.m */; };
		23D5546C2007B3540090FC0A /* Exercice 5.m in Sources */ = {isa = PBXBuildFile; fileRef = 23D5546B2007B3540090FC0A /* Exercice 5.m */; };
		23D554702007B3600090FC0A /* Exercice 6.m in Sources */ = {isa = PBXBuildFile; fileRef = 23D5546F2007B3600090FC0A /* Exercice 6.m */; };
/* End PBXBuildFile section */

/* Begin PBXCopyFilesBuildPhase section */
		23673FF41FE117A0006B0C68 /* CopyFiles */ = {
			isa = PBXCopyFilesBuildPhase;
			buildActionMask = 2147483647;
			dstPath = /usr/share/man/man1/;
			dstSubfolderSpec = 0;
			files = (
			);
			runOnlyForDeploymentPostprocessing = 1;
		};
/* End PBXCopyFilesBuildPhase section */

/* Begin PBXFileReference section */
		23673FF61FE117A0006B0C68 /* ObjetiveC */ = {isa = PBXFileReference; explicitFileType = "compiled.mach-o.executable"; includeInIndex = 0; path = ObjetiveC; sourceTree = BUILT_PRODUCTS_DIR; };
		237043F52004BFA500A1D242 /* Exercice 1.m */ = {isa = PBXFileReference; fileEncoding = 4; lastKnownFileType = sourcecode.c.objc; path = "Exercice 1.m"; sourceTree = "<group>"; };
		237043F72004BFBB00A1D242 /* Exercice 1.h */ = {isa = PBXFileReference; lastKnownFileType = sourcecode.c.h; path = "Exercice 1.h"; sourceTree = "<group>"; };
		237043F92004C2E400A1D242 /* Exercice 2.m */ = {isa = PBXFileReference; fileEncoding = 4; lastKnownFileType = sourcecode.c.objc; path = "Exercice 2.m"; sourceTree = "<group>"; };
		237043FB2004C2F200A1D242 /* Exercice 2.h */ = {isa = PBXFileReference; lastKnownFileType = sourcecode.c.h; path = "Exercice 2.h"; sourceTree = "<group>"; };
		237043FD2004C65700A1D242 /* Exercice 3.m */ = {isa = PBXFileReference; fileEncoding = 4; lastKnownFileType = sourcecode.c.objc; path = "Exercice 3.m"; sourceTree = "<group>"; };
		237043FF2004C67600A1D242 /* Exercice 3.h */ = {isa = PBXFileReference; fileEncoding = 4; lastKnownFileType = sourcecode.c.h; path = "Exercice 3.h"; sourceTree = "<group>"; };
		237044012004C67600A1D242 /* Exercice 4.m */ = {isa = PBXFileReference; fileEncoding = 4; lastKnownFileType = sourcecode.c.objc; path = "Exercice 4.m"; sourceTree = "<group>"; };
		237044032004C67600A1D242 /* Exercice 4.h */ = {isa = PBXFileReference; lastKnownFileType = sourcecode.c.h; path = "Exercice 4.h"; sourceTree = "<group>"; };
		23D5546B2007B3540090FC0A /* Exercice 5.m */ = {isa = PBXFileReference; fileEncoding = 4; lastKnownFileType = sourcecode.c.objc; path = "Exercice 5.m"; sourceTree = "<group>"; };
		23D5546D2007B3600090FC0A /* Exercice 5.h */ = {isa = PBXFileReference; lastKnownFileType = sourcecode.c.h; path = "Exercice 5.h"; sourceTree = "<group>"; };
		23D5546F2007B3600090FC0A /* Exercice 6.m */ = {isa = PBXFileReference; fileEncoding = 4; lastKnownFileType = sourcecode.c.objc; path = "Exercice 6.m"; sourceTree = "<group>"; };
		23D554712007B3600090FC0A /* Exercice 6.h */ = {isa = PBXFileReference; lastKnownFileType = sourcecode.c.h; path = "Exercice 6.h"; sourceTree = "<group>"; };
/* End PBXFileReference section */

/* Begin PBXFrameworksBuildPhase section */
		23673FF31FE117A0006B0C68 /* Frameworks */ = {
			isa = PBXFrameworksBuildPhase;
			buildActionMask = 2147483647;
			files = (
			);
			runOnlyForDeploymentPostprocessing = 0;
		};
/* End PBXFrameworksBuildPhase section */

/* Begin PBXGroup section */
		23673FED1FE117A0006B0C68 = {
			isa = PBXGroup;
			children = (
				23673FF81FE117A0006B0C68 /* ObjetiveC */,
				23673FF71FE117A0006B0C68 /* Products */,
			);
			sourceTree = "<group>";
		};
		23673FF71FE117A0006B0C68 /* Products */ = {
			isa = PBXGroup;
			children = (
				23673FF61FE117A0006B0C68 /* ObjetiveC */,
			);
			name = Products;
			sourceTree = "<group>";
		};
		23673FF81FE117A0006B0C68 /* ObjetiveC */ = {
			isa = PBXGroup;
			children = (
				23D5546E2007B3600090FC0A /* Exercice 6 */,
				23D5546A2007B33A0090FC0A /* Exercice 5 */,
				237044002004C67600A1D242 /* Exercice 4 */,
				237043FC2004C62C00A1D242 /* Exercice 3 */,
				237043F82004C1FC00A1D242 /* Exercice 2 */,
				237043F42004BF2600A1D242 /* Exercice 1 */,
			);
			path = ObjetiveC;
			sourceTree = "<group>";
		};
		237043F42004BF2600A1D242 /* Exercice 1 */ = {
			isa = PBXGroup;
			children = (
				237043F52004BFA500A1D242 /* Exercice 1.m */,
				237043F72004BFBB00A1D242 /* Exercice 1.h */,
			);
			name = "Exercice 1";
			sourceTree = "<group>";
		};
		237043F82004C1FC00A1D242 /* Exercice 2 */ = {
			isa = PBXGroup;
			children = (
				237043F92004C2E400A1D242 /* Exercice 2.m */,
				237043FB2004C2F200A1D242 /* Exercice 2.h */,
			);
			name = "Exercice 2";
			sourceTree = "<group>";
		};
		237043FC2004C62C00A1D242 /* Exercice 3 */ = {
			isa = PBXGroup;
			children = (
				237043FD2004C65700A1D242 /* Exercice 3.m */,
				237043FF2004C67600A1D242 /* Exercice 3.h */,
			);
			name = "Exercice 3";
			sourceTree = "<group>";
		};
		237044002004C67600A1D242 /* Exercice 4 */ = {
			isa = PBXGroup;
			children = (
				237044012004C67600A1D242 /* Exercice 4.m */,
				237044032004C67600A1D242 /* Exercice 4.h */,
			);
			name = "Exercice 4";
			sourceTree = "<group>";
		};
		23D5546A2007B33A0090FC0A /* Exercice 5 */ = {
			isa = PBXGroup;
			children = (
				23D5546B2007B3540090FC0A /* Exercice 5.m */,
				23D5546D2007B3600090FC0A /* Exercice 5.h */,
			);
			name = "Exercice 5";
			sourceTree = "<group>";
		};
		23D5546E2007B3600090FC0A /* Exercice 6 */ = {
			isa = PBXGroup;
			children = (
				23D5546F2007B3600090FC0A /* Exercice 6.m */,
				23D554712007B3600090FC0A /* Exercice 6.h */,
			);
			name = "Exercice 6";
			sourceTree = "<group>";
		};
/* End PBXGroup section */

/* Begin PBXNativeTarget section */
		23673FF51FE117A0006B0C68 /* ObjetiveC */ = {
			isa = PBXNativeTarget;
			buildConfigurationList = 23673FFD1FE117A0006B0C68 /* Build configuration list for PBXNativeTarget "ObjetiveC" */;
			buildPhases = (
				23673FF21FE117A0006B0C68 /* Sources */,
				23673FF31FE117A0006B0C68 /* Frameworks */,
				23673FF41FE117A0006B0C68 /* CopyFiles */,
			);
			buildRules = (
			);
			dependencies = (
			);
			name = ObjetiveC;
			productName = ObjetiveC;
			productReference = 23673FF61FE117A0006B0C68 /* ObjetiveC */;
			productType = "com.apple.product-type.tool";
		};
/* End PBXNativeTarget section */

/* Begin PBXProject section */
		23673FEE1FE117A0006B0C68 /* Project object */ = {
			isa = PBXProject;
			attributes = {
				LastUpgradeCheck = 0830;
				ORGANIZATIONNAME = local192;
				TargetAttributes = {
					23673FF51FE117A0006B0C68 = {
						CreatedOnToolsVersion = 8.3.3;
						ProvisioningStyle = Automatic;
					};
				};
			};
			buildConfigurationList = 23673FF11FE117A0006B0C68 /* Build configuration list for PBXProject "ObjetiveC" */;
			compatibilityVersion = "Xcode 3.2";
			developmentRegion = English;
			hasScannedForEncodings = 0;
			knownRegions = (
				en,
			);
			mainGroup = 23673FED1FE117A0006B0C68;
			productRefGroup = 23673FF71FE117A0006B0C68 /* Products */;
			projectDirPath = "";
			projectRoot = "";
			targets = (
				23673FF51FE117A0006B0C68 /* ObjetiveC */,
			);
		};
/* End PBXProject section */

/* Begin PBXSourcesBuildPhase section */
		23673FF21FE117A0006B0C68 /* Sources */ = {
			isa = PBXSourcesBuildPhase;
			buildActionMask = 2147483647;
			files = (
				237043F62004BFA500A1D242 /* Exercice 1.m in Sources */,
				23D554702007B3600090FC0A /* Exercice 6.m in Sources */,
				23D5546C2007B3540090FC0A /* Exercice 5.m in Sources */,
				237043FE2004C65700A1D242 /* Exercice 3.m in Sources */,
				237043FA2004C2E400A1D242 /* Exercice 2.m in Sources */,
				237044022004C67600A1D242 /* Exercice 4.m in Sources */,
			);
			runOnlyForDeploymentPostprocessing = 0;
		};
/* End PBXSourcesBuildPhase section */

/* Begin XCBuildConfiguration section */
		23673FFB1FE117A0006B0C68 /* Debug */ = {
			isa = XCBuildConfiguration;
			buildSettings = {
				ALWAYS_SEARCH_USER_PATHS = NO;
				CLANG_ANALYZER_NONNULL = YES;
				CLANG_ANALYZER_NUMBER_OBJECT_CONVERSION = YES_AGGRESSIVE;
				CLANG_CXX_LANGUAGE_STANDARD = "gnu++0x";
				CLANG_CXX_LIBRARY = "libc++";
				CLANG_ENABLE_MODULES = YES;
				CLANG_ENABLE_OBJC_ARC = YES;
				CLANG_WARN_BOOL_CONVERSION = YES;
				CLANG_WARN_CONSTANT_CONVERSION = YES;
				CLANG_WARN_DIRECT_OBJC_ISA_USAGE = YES_ERROR;
				CLANG_WARN_DOCUMENTATION_COMMENTS = YES;
				CLANG_WARN_EMPTY_BODY = YES;
				CLANG_WARN_ENUM_CONVERSION = YES;
				CLANG_WARN_INFINITE_RECURSION = YES;
				CLANG_WARN_INT_CONVERSION = YES;
				CLANG_WARN_OBJC_ROOT_CLASS = YES_ERROR;
				CLANG_WARN_SUSPICIOUS_MOVE = YES;
				CLANG_WARN_UNREACHABLE_CODE = YES;
				CLANG_WARN__DUPLICATE_METHOD_MATCH = YES;
				CODE_SIGN_IDENTITY = "-";
				COPY_PHASE_STRIP = NO;
				DEBUG_INFORMATION_FORMAT = dwarf;
				ENABLE_STRICT_OBJC_MSGSEND = YES;
				ENABLE_TESTABILITY = YES;
				GCC_C_LANGUAGE_STANDARD = gnu99;
				GCC_DYNAMIC_NO_PIC = NO;
				GCC_NO_COMMON_BLOCKS = YES;
				GCC_OPTIMIZATION_LEVEL = 0;
				GCC_PREPROCESSOR_DEFINITIONS = (
					"DEBUG=1",
					"$(inherited)",
				);
				GCC_WARN_64_TO_32_BIT_CONVERSION = YES;
				GCC_WARN_ABOUT_RETURN_TYPE = YES_ERROR;
				GCC_WARN_UNDECLARED_SELECTOR = YES;
				GCC_WARN_UNINITIALIZED_AUTOS = YES_AGGRESSIVE;
				GCC_WARN_UNUSED_FUNCTION = YES;
				GCC_WARN_UNUSED_VARIABLE = YES;
				MACOSX_DEPLOYMENT_TARGET = 10.12;
				MTL_ENABLE_DEBUG_INFO = YES;
				ONLY_ACTIVE_ARCH = YES;
				SDKROOT = macosx;
			};
			name = Debug;
		};
		23673FFC1FE117A0006B0C68 /* Release */ = {
			isa = XCBuildConfiguration;
			buildSettings = {
				ALWAYS_SEARCH_USER_PATHS = NO;
				CLANG_ANALYZER_NONNULL = YES;
				CLANG_ANALYZER_NUMBER_OBJECT_CONVERSION = YES_AGGRESSIVE;
				CLANG_CXX_LANGUAGE_STANDARD = "gnu++0x";
				CLANG_CXX_LIBRARY = "libc++";
				CLANG_ENABLE_MODULES = YES;
				CLANG_ENABLE_OBJC_ARC = YES;
				CLANG_WARN_BOOL_CONVERSION = YES;
				CLANG_WARN_CONSTANT_CONVERSION = YES;
				CLANG_WARN_DIRECT_OBJC_ISA_USAGE = YES_ERROR;
				CLANG_WARN_DOCUMENTATION_COMMENTS = YES;
				CLANG_WARN_EMPTY_BODY = YES;
				CLANG_WARN_ENUM_CONVERSION = YES;
				CLANG_WARN_INFINITE_RECURSION = YES;
				CLANG_WARN_INT_CONVERSION = YES;
				CLANG_WARN_OBJC_ROOT_CLASS = YES_ERROR;
				CLANG_WARN_SUSPICIOUS_MOVE = YES;
				CLANG_WARN_UNREACHABLE_CODE = YES;
				CLANG_WARN__DUPLICATE_METHOD_MATCH = YES;
				CODE_SIGN_IDENTITY = "-";
				COPY_PHASE_STRIP = NO;
				DEBUG_INFORMATION_FORMAT = "dwarf-with-dsym";
				ENABLE_NS_ASSERTIONS = NO;
				ENABLE_STRICT_OBJC_MSGSEND = YES;
				GCC_C_LANGUAGE_STANDARD = gnu99;
				GCC_NO_COMMON_BLOCKS = YES;
				GCC_WARN_64_TO_32_BIT_CONVERSION = YES;
				GCC_WARN_ABOUT_RETURN_TYPE = YES_ERROR;
				GCC_WARN_UNDECLARED_SELECTOR = YES;
				GCC_WARN_UNINITIALIZED_AUTOS = YES_AGGRESSIVE;
				GCC_WARN_UNUSED_FUNCTION = YES;
				GCC_WARN_UNUSED_VARIABLE = YES;
				MACOSX_DEPLOYMENT_TARGET = 10.12;
				MTL_ENABLE_DEBUG_INFO = NO;
				SDKROOT = macosx;
			};
			name = Release;
		};
		23673FFE1FE117A0006B0C68 /* Debug */ = {
			isa = XCBuildConfiguration;
			buildSettings = {
				PRODUCT_NAME = "$(TARGET_NAME)";
			};
			name = Debug;
		};
		23673FFF1FE117A0006B0C68 /* Release */ = {
			isa = XCBuildConfiguration;
			buildSettings = {
				PRODUCT_NAME = "$(TARGET_NAME)";
			};
			name = Release;
		};
/* End XCBuildConfiguration section */

/* Begin XCConfigurationList section */
		23673FF11FE117A0006B0C68 /* Build configuration list for PBXProject "ObjetiveC" */ = {
			isa = XCConfigurationList;
			buildConfigurations = (
				23673FFB1FE117A0006B0C68 /* Debug */,
				23673FFC1FE117A0006B0C68 /* Release */,
			);
			defaultConfigurationIsVisible = 0;
			defaultConfigurationName = Release;
		};
		23673FFD1FE117A0006B0C68 /* Build configuration list for PBXNativeTarget "ObjetiveC" */ = {
			isa = XCConfigurationList;
			buildConfigurations = (
				23673FFE1FE117A0006B0C68 /* Debug */,
				23673FFF1FE117A0006B0C68 /* Release */,
			);
			defaultConfigurationIsVisible = 0;
			defaultConfigurationName = Release;
		};
/* End XCConfigurationList section */
	};
	rootObject = 23673FEE1FE117A0006B0C68 /* Project object */;
}
